
Microsoft Visual Studio Solution File, Format Version 12.00
# Visual Studio Version 17
VisualStudioVersion = 17.10.35004.147
MinimumVisualStudioVersion = 10.0.40219.1
Project("{FAE04EC0-301F-11D3-BF4B-00C04F79EFBC}") = "OOPGyakorlas", "OOPGyakorlas\OOPGyakorlas.csproj", "{90C5B92F-14E2-4B8E-992C-82E2F57A0FCD}"
EndProject
Global
	GlobalSection(SolutionConfigurationPlatforms) = preSolution
		Debug|Any CPU = Debug|Any CPU
		Release|Any CPU = Release|Any CPU
	EndGlobalSection
	GlobalSection(ProjectConfigurationPlatforms) = postSolution
		{90C5B92F-14E2-4B8E-992C-82E2F57A0FCD}.Debug|Any CPU.ActiveCfg = Debug|Any CPU
		{90C5B92F-14E2-4B8E-992C-82E2F57A0FCD}.Debug|Any CPU.Build.0 = Debug|Any CPU
		{90C5B92F-14E2-4B8E-992C-82E2F57A0FCD}.Release|Any CPU.ActiveCfg = Release|Any CPU
		{90C5B92F-14E2-4B8E-992C-82E2F57A0FCD}.Release|Any CPU.Build.0 = Release|Any CPU
	EndGlobalSection
	GlobalSection(SolutionProperties) = preSolution
		HideSolutionNode = FALSE
	EndGlobalSection
	GlobalSection(ExtensibilityGlobals) = postSolution
		SolutionGuid = {C51AB886-4F08-415F-97A1-985522D59E37}
	EndGlobalSection
EndGlobal
